// !$*UTF8*$!
{
	archiveVersion = 1;
	classes = {
	};
	objectVersion = 55;
	objects = {

/* Begin PBXBuildFile section */
		D290CFD028AEBAC500DB3ED3 /* AppDelegate.swift in Sources */ = {isa = PBXBuildFile; fileRef = D290CFCF28AEBAC500DB3ED3 /* AppDelegate.swift */; };
		D290CFD228AEBAC500DB3ED3 /* SceneDelegate.swift in Sources */ = {isa = PBXBuildFile; fileRef = D290CFD128AEBAC500DB3ED3 /* SceneDelegate.swift */; };
		D290CFD428AEBAC500DB3ED3 /* ViewController.swift in Sources */ = {isa = PBXBuildFile; fileRef = D290CFD328AEBAC500DB3ED3 /* ViewController.swift */; };
		D290CFD728AEBAC500DB3ED3 /* Main.storyboard in Resources */ = {isa = PBXBuildFile; fileRef = D290CFD528AEBAC500DB3ED3 /* Main.storyboard */; };
		D290CFD928AEBAC700DB3ED3 /* Assets.xcassets in Resources */ = {isa = PBXBuildFile; fileRef = D290CFD828AEBAC700DB3ED3 /* Assets.xcassets */; };
		D290CFDC28AEBAC700DB3ED3 /* LaunchScreen.storyboard in Resources */ = {isa = PBXBuildFile; fileRef = D290CFDA28AEBAC700DB3ED3 /* LaunchScreen.storyboard */; };
		D290CFE728AEBAC800DB3ED3 /* PreworkTests.swift in Sources */ = {isa = PBXBuildFile; fileRef = D290CFE628AEBAC800DB3ED3 /* PreworkTests.swift */; };
		D290CFF128AEBAC800DB3ED3 /* PreworkUITests.swift in Sources */ = {isa = PBXBuildFile; fileRef = D290CFF028AEBAC800DB3ED3 /* PreworkUITests.swift */; };
		D290CFF328AEBAC800DB3ED3 /* PreworkUITestsLaunchTests.swift in Sources */ = {isa = PBXBuildFile; fileRef = D290CFF228AEBAC800DB3ED3 /* PreworkUITestsLaunchTests.swift */; };
/* End PBXBuildFile section */

/* Begin PBXContainerItemProxy section */
		D290CFE328AEBAC800DB3ED3 /* PBXContainerItemProxy */ = {
			isa = PBXContainerItemProxy;
			containerPortal = D290CFC428AEBAC500DB3ED3 /* Project object */;
			proxyType = 1;
			remoteGlobalIDString = D290CFCB28AEBAC500DB3ED3;
			remoteInfo = Prework;
		};
		D290CFED28AEBAC800DB3ED3 /* PBXContainerItemProxy */ = {
			isa = PBXContainerItemProxy;
			containerPortal = D290CFC428AEBAC500DB3ED3 /* Project object */;
			proxyType = 1;
			remoteGlobalIDString = D290CFCB28AEBAC500DB3ED3;
			remoteInfo = Prework;
		};
/* End PBXContainerItemProxy section */

/* Begin PBXFileReference section */
		D290CFCC28AEBAC500DB3ED3 /* Prework.app */ = {isa = PBXFileReference; explicitFileType = wrapper.application; includeInIndex = 0; path = Prework.app; sourceTree = BUILT_PRODUCTS_DIR; };
		D290CFCF28AEBAC500DB3ED3 /* AppDelegate.swift */ = {isa = PBXFileReference; lastKnownFileType = sourcecode.swift; path = AppDelegate.swift; sourceTree = "<group>"; };
		D290CFD128AEBAC500DB3ED3 /* SceneDelegate.swift */ = {isa = PBXFileReference; lastKnownFileType = sourcecode.swift; path = SceneDelegate.swift; sourceTree = "<group>"; };
		D290CFD328AEBAC500DB3ED3 /* ViewController.swift */ = {isa = PBXFileReference; lastKnownFileType = sourcecode.swift; path = ViewController.swift; sourceTree = "<group>"; };
		D290CFD628AEBAC500DB3ED3 /* Base */ = {isa = PBXFileReference; lastKnownFileType = file.storyboard; name = Base; path = Base.lproj/Main.storyboard; sourceTree = "<group>"; };
		D290CFD828AEBAC700DB3ED3 /* Assets.xcassets */ = {isa = PBXFileReference; lastKnownFileType = folder.assetcatalog; path = Assets.xcassets; sourceTree = "<group>"; };
		D290CFDB28AEBAC700DB3ED3 /* Base */ = {isa = PBXFileReference; lastKnownFileType = file.storyboard; name = Base; path = Base.lproj/LaunchScreen.storyboard; sourceTree = "<group>"; };
		D290CFDD28AEBAC700DB3ED3 /* Info.plist */ = {isa = PBXFileReference; lastKnownFileType = text.plist.xml; path = Info.plist; sourceTree = "<group>"; };
		D290CFE228AEBAC800DB3ED3 /* PreworkTests.xctest */ = {isa = PBXFileReference; explicitFileType = wrapper.cfbundle; includeInIndex = 0; path = PreworkTests.xctest; sourceTree = BUILT_PRODUCTS_DIR; };
		D290CFE628AEBAC800DB3ED3 /* PreworkTests.swift */ = {isa = PBXFileReference; lastKnownFileType = sourcecode.swift; path = PreworkTests.swift; sourceTree = "<group>"; };
		D290CFEC28AEBAC800DB3ED3 /* PreworkUITests.xctest */ = {isa = PBXFileReference; explicitFileType = wrapper.cfbundle; includeInIndex = 0; path = PreworkUITests.xctest; sourceTree = BUILT_PRODUCTS_DIR; };
		D290CFF028AEBAC800DB3ED3 /* PreworkUITests.swift */ = {isa = PBXFileReference; lastKnownFileType = sourcecode.swift; path = PreworkUITests.swift; sourceTree = "<group>"; };
		D290CFF228AEBAC800DB3ED3 /* PreworkUITestsLaunchTests.swift */ = {isa = PBXFileReference; lastKnownFileType = sourcecode.swift; path = PreworkUITestsLaunchTests.swift; sourceTree = "<group>"; };
/* End PBXFileReference section */

/* Begin PBXFrameworksBuildPhase section */
		D290CFC928AEBAC500DB3ED3 /* Frameworks */ = {
			isa = PBXFrameworksBuildPhase;
			buildActionMask = 2147483647;
			files = (
			);
			runOnlyForDeploymentPostprocessing = 0;
		};
		D290CFDF28AEBAC800DB3ED3 /* Frameworks */ = {
			isa = PBXFrameworksBuildPhase;
			buildActionMask = 2147483647;
			files = (
			);
			runOnlyForDeploymentPostprocessing = 0;
		};
		D290CFE928AEBAC800DB3ED3 /* Frameworks */ = {
			isa = PBXFrameworksBuildPhase;
			buildActionMask = 2147483647;
			files = (
			);
			runOnlyForDeploymentPostprocessing = 0;
		};
/* End PBXFrameworksBuildPhase section */

/* Begin PBXGroup section */
		D290CFC328AEBAC500DB3ED3 = {
			isa = PBXGroup;
			children = (
				D290CFCE28AEBAC500DB3ED3 /* Prework */,
				D290CFE528AEBAC800DB3ED3 /* PreworkTests */,
				D290CFEF28AEBAC800DB3ED3 /* PreworkUITests */,
				D290CFCD28AEBAC500DB3ED3 /* Products */,
			);
			sourceTree = "<group>";
		};
		D290CFCD28AEBAC500DB3ED3 /* Products */ = {
			isa = PBXGroup;
			children = (
				D290CFCC28AEBAC500DB3ED3 /* Prework.app */,
				D290CFE228AEBAC800DB3ED3 /* PreworkTests.xctest */,
				D290CFEC28AEBAC800DB3ED3 /* PreworkUITests.xctest */,
			);
			name = Products;
			sourceTree = "<group>";
		};
		D290CFCE28AEBAC500DB3ED3 /* Prework */ = {
			isa = PBXGroup;
			children = (
				D290CFCF28AEBAC500DB3ED3 /* AppDelegate.swift */,
				D290CFD128AEBAC500DB3ED3 /* SceneDelegate.swift */,
				D290CFD328AEBAC500DB3ED3 /* ViewController.swift */,
				D290CFD528AEBAC500DB3ED3 /* Main.storyboard */,
				D290CFD828AEBAC700DB3ED3 /* Assets.xcassets */,
				D290CFDA28AEBAC700DB3ED3 /* LaunchScreen.storyboard */,
				D290CFDD28AEBAC700DB3ED3 /* Info.plist */,
			);
			path = Prework;
			sourceTree = "<group>";
		};
		D290CFE528AEBAC800DB3ED3 /* PreworkTests */ = {
			isa = PBXGroup;
			children = (
				D290CFE628AEBAC800DB3ED3 /* PreworkTests.swift */,
			);
			path = PreworkTests;
			sourceTree = "<group>";
		};
		D290CFEF28AEBAC800DB3ED3 /* PreworkUITests */ = {
			isa = PBXGroup;
			children = (
				D290CFF028AEBAC800DB3ED3 /* PreworkUITests.swift */,
				D290CFF228AEBAC800DB3ED3 /* PreworkUITestsLaunchTests.swift */,
			);
			path = PreworkUITests;
			sourceTree = "<group>";
		};
/* End PBXGroup section */

/* Begin PBXNativeTarget section */
		D290CFCB28AEBAC500DB3ED3 /* Prework */ = {
			isa = PBXNativeTarget;
			buildConfigurationList = D290CFF628AEBAC800DB3ED3 /* Build configuration list for PBXNativeTarget "Prework" */;
			buildPhases = (
				D290CFC828AEBAC500DB3ED3 /* Sources */,
				D290CFC928AEBAC500DB3ED3 /* Frameworks */,
				D290CFCA28AEBAC500DB3ED3 /* Resources */,
			);
			buildRules = (
			);
			dependencies = (
			);
			name = Prework;
			productName = Prework;
			productReference = D290CFCC28AEBAC500DB3ED3 /* Prework.app */;
			productType = "com.apple.product-type.application";
		};
		D290CFE128AEBAC800DB3ED3 /* PreworkTests */ = {
			isa = PBXNativeTarget;
			buildConfigurationList = D290CFF928AEBAC800DB3ED3 /* Build configuration list for PBXNativeTarget "PreworkTests" */;
			buildPhases = (
				D290CFDE28AEBAC800DB3ED3 /* Sources */,
				D290CFDF28AEBAC800DB3ED3 /* Frameworks */,
				D290CFE028AEBAC800DB3ED3 /* Resources */,
			);
			buildRules = (
			);
			dependencies = (
				D290CFE428AEBAC800DB3ED3 /* PBXTargetDependency */,
			);
			name = PreworkTests;
			productName = PreworkTests;
			productReference = D290CFE228AEBAC800DB3ED3 /* PreworkTests.xctest */;
			productType = "com.apple.product-type.bundle.unit-test";
		};
		D290CFEB28AEBAC800DB3ED3 /* PreworkUITests */ = {
			isa = PBXNativeTarget;
			buildConfigurationList = D290CFFC28AEBAC800DB3ED3 /* Build configuration list for PBXNativeTarget "PreworkUITests" */;
			buildPhases = (
				D290CFE828AEBAC800DB3ED3 /* Sources */,
				D290CFE928AEBAC800DB3ED3 /* Frameworks */,
				D290CFEA28AEBAC800DB3ED3 /* Resources */,
			);
			buildRules = (
			);
			dependencies = (
				D290CFEE28AEBAC800DB3ED3 /* PBXTargetDependency */,
			);
			name = PreworkUITests;
			productName = PreworkUITests;
			productReference = D290CFEC28AEBAC800DB3ED3 /* PreworkUITests.xctest */;
			productType = "com.apple.product-type.bundle.ui-testing";
		};
/* End PBXNativeTarget section */

/* Begin PBXProject section */
		D290CFC428AEBAC500DB3ED3 /* Project object */ = {
			isa = PBXProject;
			attributes = {
				BuildIndependentTargetsInParallel = 1;
				LastSwiftUpdateCheck = 1340;
				LastUpgradeCheck = 1340;
				TargetAttributes = {
					D290CFCB28AEBAC500DB3ED3 = {
						CreatedOnToolsVersion = 13.4.1;
					};
					D290CFE128AEBAC800DB3ED3 = {
						CreatedOnToolsVersion = 13.4.1;
						TestTargetID = D290CFCB28AEBAC500DB3ED3;
					};
					D290CFEB28AEBAC800DB3ED3 = {
						CreatedOnToolsVersion = 13.4.1;
						TestTargetID = D290CFCB28AEBAC500DB3ED3;
					};
				};
			};
			buildConfigurationList = D290CFC728AEBAC500DB3ED3 /* Build configuration list for PBXProject "Prework" */;
			compatibilityVersion = "Xcode 13.0";
			developmentRegion = en;
			hasScannedForEncodings = 0;
			knownRegions = (
				en,
				Base,
			);
			mainGroup = D290CFC328AEBAC500DB3ED3;
			productRefGroup = D290CFCD28AEBAC500DB3ED3 /* Products */;
			projectDirPath = "";
			projectRoot = "";
			targets = (
				D290CFCB28AEBAC500DB3ED3 /* Prework */,
				D290CFE128AEBAC800DB3ED3 /* PreworkTests */,
				D290CFEB28AEBAC800DB3ED3 /* PreworkUITests */,
			);
		};
/* End PBXProject section */

/* Begin PBXResourcesBuildPhase section */
		D290CFCA28AEBAC500DB3ED3 /* Resources */ = {
			isa = PBXResourcesBuildPhase;
			buildActionMask = 2147483647;
			files = (
				D290CFDC28AEBAC700DB3ED3 /* LaunchScreen.storyboard in Resources */,
				D290CFD928AEBAC700DB3ED3 /* Assets.xcassets in Resources */,
				D290CFD728AEBAC500DB3ED3 /* Main.storyboard in Resources */,
			);
			runOnlyForDeploymentPostprocessing = 0;
		};
		D290CFE028AEBAC800DB3ED3 /* Resources */ = {
			isa = PBXResourcesBuildPhase;
			buildActionMask = 2147483647;
			files = (
			);
			runOnlyForDeploymentPostprocessing = 0;
		};
		D290CFEA28AEBAC800DB3ED3 /* Resources */ = {
			isa = PBXResourcesBuildPhase;
			buildActionMask = 2147483647;
			files = (
			);
			runOnlyForDeploymentPostprocessing = 0;
		};
/* End PBXResourcesBuildPhase section */

/* Begin PBXSourcesBuildPhase section */
		D290CFC828AEBAC500DB3ED3 /* Sources */ = {
			isa = PBXSourcesBuildPhase;
			buildActionMask = 2147483647;
			files = (
				D290CFD428AEBAC500DB3ED3 /* ViewController.swift in Sources */,
				D290CFD028AEBAC500DB3ED3 /* AppDelegate.swift in Sources */,
				D290CFD228AEBAC500DB3ED3 /* SceneDelegate.swift in Sources */,
			);
			runOnlyForDeploymentPostprocessing = 0;
		};
		D290CFDE28AEBAC800DB3ED3 /* Sources */ = {
			isa = PBXSourcesBuildPhase;
			buildActionMask = 2147483647;
			files = (
				D290CFE728AEBAC800DB3ED3 /* PreworkTests.swift in Sources */,
			);
			runOnlyForDeploymentPostprocessing = 0;
		};
		D290CFE828AEBAC800DB3ED3 /* Sources */ = {
			isa = PBXSourcesBuildPhase;
			buildActionMask = 2147483647;
			files = (
				D290CFF128AEBAC800DB3ED3 /* PreworkUITests.swift in Sources */,
				D290CFF328AEBAC800DB3ED3 /* PreworkUITestsLaunchTests.swift in Sources */,
			);
			runOnlyForDeploymentPostprocessing = 0;
		};
/* End PBXSourcesBuildPhase section */

/* Begin PBXTargetDependency section */
		D290CFE428AEBAC800DB3ED3 /* PBXTargetDependency */ = {
			isa = PBXTargetDependency;
			target = D290CFCB28AEBAC500DB3ED3 /* Prework */;
			targetProxy = D290CFE328AEBAC800DB3ED3 /* PBXContainerItemProxy */;
		};
		D290CFEE28AEBAC800DB3ED3 /* PBXTargetDependency */ = {
			isa = PBXTargetDependency;
			target = D290CFCB28AEBAC500DB3ED3 /* Prework */;
			targetProxy = D290CFED28AEBAC800DB3ED3 /* PBXContainerItemProxy */;
		};
/* End PBXTargetDependency section */

/* Begin PBXVariantGroup section */
		D290CFD528AEBAC500DB3ED3 /* Main.storyboard */ = {
			isa = PBXVariantGroup;
			children = (
				D290CFD628AEBAC500DB3ED3 /* Base */,
			);
			name = Main.storyboard;
			sourceTree = "<group>";
		};
		D290CFDA28AEBAC700DB3ED3 /* LaunchScreen.storyboard */ = {
			isa = PBXVariantGroup;
			children = (
				D290CFDB28AEBAC700DB3ED3 /* Base */,
			);
			name = LaunchScreen.storyboard;
			sourceTree = "<group>";
		};
/* End PBXVariantGroup section */

/* Begin XCBuildConfiguration section */
		D290CFF428AEBAC800DB3ED3 /* Debug */ = {
			isa = XCBuildConfiguration;
			buildSettings = {
				ALWAYS_SEARCH_USER_PATHS = NO;
				CLANG_ANALYZER_NONNULL = YES;
				CLANG_ANALYZER_NUMBER_OBJECT_CONVERSION = YES_AGGRESSIVE;
				CLANG_CXX_LANGUAGE_STANDARD = "gnu++17";
				CLANG_ENABLE_MODULES = YES;
				CLANG_ENABLE_OBJC_ARC = YES;
				CLANG_ENABLE_OBJC_WEAK = YES;
				CLANG_WARN_BLOCK_CAPTURE_AUTORELEASING = YES;
				CLANG_WARN_BOOL_CONVERSION = YES;
				CLANG_WARN_COMMA = YES;
				CLANG_WARN_CONSTANT_CONVERSION = YES;
				CLANG_WARN_DEPRECATED_OBJC_IMPLEMENTATIONS = YES;
				CLANG_WARN_DIRECT_OBJC_ISA_USAGE = YES_ERROR;
				CLANG_WARN_DOCUMENTATION_COMMENTS = YES;
				CLANG_WARN_EMPTY_BODY = YES;
				CLANG_WARN_ENUM_CONVERSION = YES;
				CLANG_WARN_INFINITE_RECURSION = YES;
				CLANG_WARN_INT_CONVERSION = YES;
				CLANG_WARN_NON_LITERAL_NULL_CONVERSION = YES;
				CLANG_WARN_OBJC_IMPLICIT_RETAIN_SELF = YES;
				CLANG_WARN_OBJC_LITERAL_CONVERSION = YES;
				CLANG_WARN_OBJC_ROOT_CLASS = YES_ERROR;
				CLANG_WARN_QUOTED_INCLUDE_IN_FRAMEWORK_HEADER = YES;
				CLANG_WARN_RANGE_LOOP_ANALYSIS = YES;
				CLANG_WARN_STRICT_PROTOTYPES = YES;
				CLANG_WARN_SUSPICIOUS_MOVE = YES;
				CLANG_WARN_UNGUARDED_AVAILABILITY = YES_AGGRESSIVE;
				CLANG_WARN_UNREACHABLE_CODE = YES;
				CLANG_WARN__DUPLICATE_METHOD_MATCH = YES;
				COPY_PHASE_STRIP = NO;
				DEBUG_INFORMATION_FORMAT = dwarf;
				ENABLE_STRICT_OBJC_MSGSEND = YES;
				ENABLE_TESTABILITY = YES;
				GCC_C_LANGUAGE_STANDARD = gnu11;
				GCC_DYNAMIC_NO_PIC = NO;
				GCC_NO_COMMON_BLOCKS = YES;
				GCC_OPTIMIZATION_LEVEL = 0;
				GCC_PREPROCESSOR_DEFINITIONS = (
					"DEBUG=1",
					"$(inherited)",
				);
				GCC_WARN_64_TO_32_BIT_CONVERSION = YES;
				GCC_WARN_ABOUT_RETURN_TYPE = YES_ERROR;
				GCC_WARN_UNDECLARED_SELECTOR = YES;
				GCC_WARN_UNINITIALIZED_AUTOS = YES_AGGRESSIVE;
				GCC_WARN_UNUSED_FUNCTION = YES;
				GCC_WARN_UNUSED_VARIABLE = YES;
				IPHONEOS_DEPLOYMENT_TARGET = 15.5;
				MTL_ENABLE_DEBUG_INFO = INCLUDE_SOURCE;
				MTL_FAST_MATH = YES;
				ONLY_ACTIVE_ARCH = YES;
				SDKROOT = iphoneos;
				SWIFT_ACTIVE_COMPILATION_CONDITIONS = DEBUG;
				SWIFT_OPTIMIZATION_LEVEL = "-Onone";
			};
			name = Debug;
		};
		D290CFF528AEBAC800DB3ED3 /* Release */ = {
			isa = XCBuildConfiguration;
			buildSettings = {
				ALWAYS_SEARCH_USER_PATHS = NO;
				CLANG_ANALYZER_NONNULL = YES;
				CLANG_ANALYZER_NUMBER_OBJECT_CONVERSION = YES_AGGRESSIVE;
				CLANG_CXX_LANGUAGE_STANDARD = "gnu++17";
				CLANG_ENABLE_MODULES = YES;
				CLANG_ENABLE_OBJC_ARC = YES;
				CLANG_ENABLE_OBJC_WEAK = YES;
				CLANG_WARN_BLOCK_CAPTURE_AUTORELEASING = YES;
				CLANG_WARN_BOOL_CONVERSION = YES;
				CLANG_WARN_COMMA = YES;
				CLANG_WARN_CONSTANT_CONVERSION = YES;
				CLANG_WARN_DEPRECATED_OBJC_IMPLEMENTATIONS = YES;
				CLANG_WARN_DIRECT_OBJC_ISA_USAGE = YES_ERROR;
				CLANG_WARN_DOCUMENTATION_COMMENTS = YES;
				CLANG_WARN_EMPTY_BODY = YES;
				CLANG_WARN_ENUM_CONVERSION = YES;
				CLANG_WARN_INFINITE_RECURSION = YES;
				CLANG_WARN_INT_CONVERSION = YES;
				CLANG_WARN_NON_LITERAL_NULL_CONVERSION = YES;
				CLANG_WARN_OBJC_IMPLICIT_RETAIN_SELF = YES;
				CLANG_WARN_OBJC_LITERAL_CONVERSION = YES;
				CLANG_WARN_OBJC_ROOT_CLASS = YES_ERROR;
				CLANG_WARN_QUOTED_INCLUDE_IN_FRAMEWORK_HEADER = YES;
				CLANG_WARN_RANGE_LOOP_ANALYSIS = YES;
				CLANG_WARN_STRICT_PROTOTYPES = YES;
				CLANG_WARN_SUSPICIOUS_MOVE = YES;
				CLANG_WARN_UNGUARDED_AVAILABILITY = YES_AGGRESSIVE;
				CLANG_WARN_UNREACHABLE_CODE = YES;
				CLANG_WARN__DUPLICATE_METHOD_MATCH = YES;
				COPY_PHASE_STRIP = NO;
				DEBUG_INFORMATION_FORMAT = "dwarf-with-dsym";
				ENABLE_NS_ASSERTIONS = NO;
				ENABLE_STRICT_OBJC_MSGSEND = YES;
				GCC_C_LANGUAGE_STANDARD = gnu11;
				GCC_NO_COMMON_BLOCKS = YES;
				GCC_WARN_64_TO_32_BIT_CONVERSION = YES;
				GCC_WARN_ABOUT_RETURN_TYPE = YES_ERROR;
				GCC_WARN_UNDECLARED_SELECTOR = YES;
				GCC_WARN_UNINITIALIZED_AUTOS = YES_AGGRESSIVE;
				GCC_WARN_UNUSED_FUNCTION = YES;
				GCC_WARN_UNUSED_VARIABLE = YES;
				IPHONEOS_DEPLOYMENT_TARGET = 15.5;
				MTL_ENABLE_DEBUG_INFO = NO;
				MTL_FAST_MATH = YES;
				SDKROOT = iphoneos;
				SWIFT_COMPILATION_MODE = wholemodule;
				SWIFT_OPTIMIZATION_LEVEL = "-O";
				VALIDATE_PRODUCT = YES;
			};
			name = Release;
		};
		D290CFF728AEBAC800DB3ED3 /* Debug */ = {
			isa = XCBuildConfiguration;
			buildSettings = {
				ASSETCATALOG_COMPILER_APPICON_NAME = AppIcon;
				ASSETCATALOG_COMPILER_GLOBAL_ACCENT_COLOR_NAME = AccentColor;
				CODE_SIGN_STYLE = Automatic;
				CURRENT_PROJECT_VERSION = 1;
				GENERATE_INFOPLIST_FILE = YES;
				INFOPLIST_FILE = Prework/Info.plist;
				INFOPLIST_KEY_UIApplicationSupportsIndirectInputEvents = YES;
				INFOPLIST_KEY_UILaunchStoryboardName = LaunchScreen;
				INFOPLIST_KEY_UIMainStoryboardFile = Main;
				INFOPLIST_KEY_UISupportedInterfaceOrientations_iPad = "UIInterfaceOrientationPortrait UIInterfaceOrientationPortraitUpsideDown UIInterfaceOrientationLandscapeLeft UIInterfaceOrientationLandscapeRight";
				INFOPLIST_KEY_UISupportedInterfaceOrientations_iPhone = "UIInterfaceOrientationPortrait UIInterfaceOrientationLandscapeLeft UIInterfaceOrientationLandscapeRight";
				LD_RUNPATH_SEARCH_PATHS = (
					"$(inherited)",
					"@executable_path/Frameworks",
				);
				MARKETING_VERSION = 1.0;
				PRODUCT_BUNDLE_IDENTIFIER = "Pagnar-Meas.Prework";
				PRODUCT_NAME = "$(TARGET_NAME)";
				SWIFT_EMIT_LOC_STRINGS = YES;
				SWIFT_VERSION = 5.0;
				TARGETED_DEVICE_FAMILY = "1,2";
			};
			name = Debug;
		};
		D290CFF828AEBAC800DB3ED3 /* Release */ = {
			isa = XCBuildConfiguration;
			buildSettings = {
				ASSETCATALOG_COMPILER_APPICON_NAME = AppIcon;
				ASSETCATALOG_COMPILER_GLOBAL_ACCENT_COLOR_NAME = AccentColor;
				CODE_SIGN_STYLE = Automatic;
				CURRENT_PROJECT_VERSION = 1;
				GENERATE_INFOPLIST_FILE = YES;
				INFOPLIST_FILE = Prework/Info.plist;
				INFOPLIST_KEY_UIApplicationSupportsIndirectInputEvents = YES;
				INFOPLIST_KEY_UILaunchStoryboardName = LaunchScreen;
				INFOPLIST_KEY_UIMainStoryboardFile = Main;
				INFOPLIST_KEY_UISupportedInterfaceOrientations_iPad = "UIInterfaceOrientationPortrait UIInterfaceOrientationPortraitUpsideDown UIInterfaceOrientationLandscapeLeft UIInterfaceOrientationLandscapeRight";
				INFOPLIST_KEY_UISupportedInterfaceOrientations_iPhone = "UIInterfaceOrientationPortrait UIInterfaceOrientationLandscapeLeft UIInterfaceOrientationLandscapeRight";
				LD_RUNPATH_SEARCH_PATHS = (
					"$(inherited)",
					"@executable_path/Frameworks",
				);
				MARKETING_VERSION = 1.0;
				PRODUCT_BUNDLE_IDENTIFIER = "Pagnar-Meas.Prework";
				PRODUCT_NAME = "$(TARGET_NAME)";
				SWIFT_EMIT_LOC_STRINGS = YES;
				SWIFT_VERSION = 5.0;
				TARGETED_DEVICE_FAMILY = "1,2";
			};
			name = Release;
		};
		D290CFFA28AEBAC800DB3ED3 /* Debug */ = {
			isa = XCBuildConfiguration;
			buildSettings = {
				ALWAYS_EMBED_SWIFT_STANDARD_LIBRARIES = YES;
				BUNDLE_LOADER = "$(TEST_HOST)";
				CODE_SIGN_STYLE = Automatic;
				CURRENT_PROJECT_VERSION = 1;
				GENERATE_INFOPLIST_FILE = YES;
				IPHONEOS_DEPLOYMENT_TARGET = 15.5;
				MARKETING_VERSION = 1.0;
				PRODUCT_BUNDLE_IDENTIFIER = "Pagnar-Meas.PreworkTests";
				PRODUCT_NAME = "$(TARGET_NAME)";
				SWIFT_EMIT_LOC_STRINGS = NO;
				SWIFT_VERSION = 5.0;
				TARGETED_DEVICE_FAMILY = "1,2";
				TEST_HOST = "$(BUILT_PRODUCTS_DIR)/Prework.app/Prework";
			};
			name = Debug;
		};
		D290CFFB28AEBAC800DB3ED3 /* Release */ = {
			isa = XCBuildConfiguration;
			buildSettings = {
				ALWAYS_EMBED_SWIFT_STANDARD_LIBRARIES = YES;
				BUNDLE_LOADER = "$(TEST_HOST)";
				CODE_SIGN_STYLE = Automatic;
				CURRENT_PROJECT_VERSION = 1;
				GENERATE_INFOPLIST_FILE = YES;
				IPHONEOS_DEPLOYMENT_TARGET = 15.5;
				MARKETING_VERSION = 1.0;
				PRODUCT_BUNDLE_IDENTIFIER = "Pagnar-Meas.PreworkTests";
				PRODUCT_NAME = "$(TARGET_NAME)";
				SWIFT_EMIT_LOC_STRINGS = NO;
				SWIFT_VERSION = 5.0;
				TARGETED_DEVICE_FAMILY = "1,2";
				TEST_HOST = "$(BUILT_PRODUCTS_DIR)/Prework.app/Prework";
			};
			name = Release;
		};
		D290CFFD28AEBAC800DB3ED3 /* Debug */ = {
			isa = XCBuildConfiguration;
			buildSettings = {
				ALWAYS_EMBED_SWIFT_STANDARD_LIBRARIES = YES;
				CODE_SIGN_STYLE = Automatic;
				CURRENT_PROJECT_VERSION = 1;
				GENERATE_INFOPLIST_FILE = YES;
				MARKETING_VERSION = 1.0;
				PRODUCT_BUNDLE_IDENTIFIER = "Pagnar-Meas.PreworkUITests";
				PRODUCT_NAME = "$(TARGET_NAME)";
				SWIFT_EMIT_LOC_STRINGS = NO;
				SWIFT_VERSION = 5.0;
				TARGETED_DEVICE_FAMILY = "1,2";
				TEST_TARGET_NAME = Prework;
			};
			name = Debug;
		};
		D290CFFE28AEBAC800DB3ED3 /* Release */ = {
			isa = XCBuildConfiguration;
			buildSettings = {
				ALWAYS_EMBED_SWIFT_STANDARD_LIBRARIES = YES;
				CODE_SIGN_STYLE = Automatic;
				CURRENT_PROJECT_VERSION = 1;
				GENERATE_INFOPLIST_FILE = YES;
				MARKETING_VERSION = 1.0;
				PRODUCT_BUNDLE_IDENTIFIER = "Pagnar-Meas.PreworkUITests";
				PRODUCT_NAME = "$(TARGET_NAME)";
				SWIFT_EMIT_LOC_STRINGS = NO;
				SWIFT_VERSION = 5.0;
				TARGETED_DEVICE_FAMILY = "1,2";
				TEST_TARGET_NAME = Prework;
			};
			name = Release;
		};
/* End XCBuildConfiguration section */

/* Begin XCConfigurationList section */
		D290CFC728AEBAC500DB3ED3 /* Build configuration list for PBXProject "Prework" */ = {
			isa = XCConfigurationList;
			buildConfigurations = (
				D290CFF428AEBAC800DB3ED3 /* Debug */,
				D290CFF528AEBAC800DB3ED3 /* Release */,
			);
			defaultConfigurationIsVisible = 0;
			defaultConfigurationName = Release;
		};
		D290CFF628AEBAC800DB3ED3 /* Build configuration list for PBXNativeTarget "Prework" */ = {
			isa = XCConfigurationList;
			buildConfigurations = (
				D290CFF728AEBAC800DB3ED3 /* Debug */,
				D290CFF828AEBAC800DB3ED3 /* Release */,
			);
			defaultConfigurationIsVisible = 0;
			defaultConfigurationName = Release;
		};
		D290CFF928AEBAC800DB3ED3 /* Build configuration list for PBXNativeTarget "PreworkTests" */ = {
			isa = XCConfigurationList;
			buildConfigurations = (
				D290CFFA28AEBAC800DB3ED3 /* Debug */,
				D290CFFB28AEBAC800DB3ED3 /* Release */,
			);
			defaultConfigurationIsVisible = 0;
			defaultConfigurationName = Release;
		};
		D290CFFC28AEBAC800DB3ED3 /* Build configuration list for PBXNativeTarget "PreworkUITests" */ = {
			isa = XCConfigurationList;
			buildConfigurations = (
				D290CFFD28AEBAC800DB3ED3 /* Debug */,
				D290CFFE28AEBAC800DB3ED3 /* Release */,
			);
			defaultConfigurationIsVisible = 0;
			defaultConfigurationName = Release;
		};
/* End XCConfigurationList section */
	};
	rootObject = D290CFC428AEBAC500DB3ED3 /* Project object */;
}
